
Microsoft Visual Studio Solution File, Format Version 12.00
# Visual Studio Version 17
VisualStudioVersion = 17.1.32328.378
MinimumVisualStudioVersion = 10.0.40219.1
Project("{FAE04EC0-301F-11D3-BF4B-00C04F79EFBC}") = "Asoft_Main_WPF", "Asoft_Main_WPF.csproj", "{3BC107CA-BD19-4371-8830-AF11FD7E8A3D}"
EndProject
Global
	GlobalSection(SolutionConfigurationPlatforms) = preSolution
		Debug|Any CPU = Debug|Any CPU
		Release|Any CPU = Release|Any CPU
	EndGlobalSection
	GlobalSection(ProjectConfigurationPlatforms) = postSolution
		{3BC107CA-BD19-4371-8830-AF11FD7E8A3D}.Debug|Any CPU.ActiveCfg = Debug|Any CPU
		{3BC107CA-BD19-4371-8830-AF11FD7E8A3D}.Debug|Any CPU.Build.0 = Debug|Any CPU
		{3BC107CA-BD19-4371-8830-AF11FD7E8A3D}.Release|Any CPU.ActiveCfg = Release|Any CPU
		{3BC107CA-BD19-4371-8830-AF11FD7E8A3D}.Release|Any CPU.Build.0 = Release|Any CPU
	EndGlobalSection
	GlobalSection(SolutionProperties) = preSolution
		HideSolutionNode = FALSE
	EndGlobalSection
	GlobalSection(ExtensibilityGlobals) = postSolution
		SolutionGuid = {E0B7D414-48E4-47A7-9395-34991DCCF3D6}
	EndGlobalSection
EndGlobal
